
Microsoft Visual Studio Solution File, Format Version 12.00
# Visual Studio Version 17
VisualStudioVersion = 17.4.33213.308
MinimumVisualStudioVersion = 10.0.40219.1
Project("{9A19103F-16F7-4668-BE54-9A1E7A4F7556}") = "PopUpTest", "PopUpTest.csproj", "{526C6737-4412-4079-95AC-1AD0A68E6B81}"
EndProject
Global
	GlobalSection(SolutionConfigurationPlatforms) = preSolution
		Debug|Any CPU = Debug|Any CPU
		Release|Any CPU = Release|Any CPU
	EndGlobalSection
	GlobalSection(ProjectConfigurationPlatforms) = postSolution
		{526C6737-4412-4079-95AC-1AD0A68E6B81}.Debug|Any CPU.ActiveCfg = Debug|Any CPU
		{526C6737-4412-4079-95AC-1AD0A68E6B81}.Debug|Any CPU.Build.0 = Debug|Any CPU
		{526C6737-4412-4079-95AC-1AD0A68E6B81}.Debug|Any CPU.Deploy.0 = Debug|Any CPU
		{526C6737-4412-4079-95AC-1AD0A68E6B81}.Release|Any CPU.ActiveCfg = Release|Any CPU
		{526C6737-4412-4079-95AC-1AD0A68E6B81}.Release|Any CPU.Build.0 = Release|Any CPU
		{526C6737-4412-4079-95AC-1AD0A68E6B81}.Release|Any CPU.Deploy.0 = Release|Any CPU
	EndGlobalSection
	GlobalSection(SolutionProperties) = preSolution
		HideSolutionNode = FALSE
	EndGlobalSection
	GlobalSection(ExtensibilityGlobals) = postSolution
		SolutionGuid = {C8AD49A9-8949-420E-9F9C-A3CED24DBCC3}
	EndGlobalSection
EndGlobal
